
Microsoft Visual Studio Solution File, Format Version 12.00
# Visual Studio Version 16
VisualStudioVersion = 16.0.30011.22
MinimumVisualStudioVersion = 10.0.40219.1
Project("{FAE04EC0-301F-11D3-BF4B-00C04F79EFBC}") = "JobsV2", "JobsV1\JobsV2.csproj", "{0C7180C0-7C07-454E-96F3-562B508371DC}"
EndProject
Global
	GlobalSection(SolutionConfigurationPlatforms) = preSolution
		Debug|Any CPU = Debug|Any CPU
		Release|Any CPU = Release|Any CPU
	EndGlobalSection
	GlobalSection(ProjectConfigurationPlatforms) = postSolution
		{0C7180C0-7C07-454E-96F3-562B508371DC}.Debug|Any CPU.ActiveCfg = Debug|Any CPU
		{0C7180C0-7C07-454E-96F3-562B508371DC}.Debug|Any CPU.Build.0 = Debug|Any CPU
		{0C7180C0-7C07-454E-96F3-562B508371DC}.Release|Any CPU.ActiveCfg = Release|Any CPU
		{0C7180C0-7C07-454E-96F3-562B508371DC}.Release|Any CPU.Build.0 = Release|Any CPU
	EndGlobalSection
	GlobalSection(SolutionProperties) = preSolution
		HideSolutionNode = FALSE
	EndGlobalSection
	GlobalSection(ExtensibilityGlobals) = postSolution
		SolutionGuid = {12C1C493-88DB-441D-BA05-CEA6C0DF48D3}
	EndGlobalSection
EndGlobal
